version: 1
templates:
  dataset_register:
    task_id: 15b1289ddf254de6ae6dff676b2b0532
    project_name: LOCAL/TabularAnalysis/TabularAnalysis/01_Datasets
    task_name: dataset_register
    entrypoint: python tools/clearml_entrypoint.py task=dataset_register
    updated_at: '2026-04-02T08:01:40Z'
  preprocess:
    task_id: 563f82a4d3d648a5bd85eea25c3be056
    project_name: LOCAL/TabularAnalysis/TabularAnalysis/02_Preprocess
    task_name: preprocess
    entrypoint: python tools/clearml_entrypoint.py task=preprocess
    updated_at: '2026-04-02T08:01:40Z'
  train_model:
    task_id: a8602d7c46e347c9835c1da66696c4eb
    project_name: LOCAL/TabularAnalysis/TabularAnalysis/03_TrainModels
    task_name: train_model
    entrypoint: python tools/clearml_entrypoint.py task=train_model
    updated_at: '2026-04-02T08:01:40Z'
  infer:
    task_id: 4a1940c5f954477f9701c8f0a2e865b9
    project_name: LOCAL/TabularAnalysis/TabularAnalysis/05_Infer
    task_name: infer
    entrypoint: python tools/clearml_entrypoint.py task=infer
    updated_at: '2026-04-02T08:01:40Z'
  leaderboard:
    task_id: 80e485ffa9ff4087a22ce99c411edd23
    project_name: LOCAL/TabularAnalysis/TabularAnalysis/00_Pipelines
    task_name: leaderboard
    entrypoint: python tools/clearml_entrypoint.py task=leaderboard
    updated_at: '2026-04-02T08:01:40Z'
  pipeline:
    task_id: 11f02b31e8dc4435b2fcd9e74cc743f9
    project_name: LOCAL/TabularAnalysis/TabularAnalysis/00_Pipelines
    task_name: pipeline
    entrypoint: python tools/clearml_entrypoint.py task=pipeline
    updated_at: '2026-04-02T08:01:40Z'
  train_ensemble:
    task_id: 7e1e9f30fcc9445e9277363628ce6185
    project_name: LOCAL/TabularAnalysis/TabularAnalysis/04_Ensembles
    task_name: train_ensemble
    entrypoint: python tools/clearml_entrypoint.py task=train_ensemble
    updated_at: '2026-04-02T08:01:40Z'
  train_model_full:
    task_id: 4c1c2aeeef274d52b8a713be0cbfb3e6
    project_name: LOCAL/TabularAnalysis/TabularAnalysis/00_Pipelines
    task_name: train_model_full
    entrypoint: python tools/clearml_entrypoint.py task=pipeline
    updated_at: '2026-04-02T08:01:40Z'
  train_ensemble_full:
    task_id: 90bfa0d7e20441c38f7748e264b66a45
    project_name: LOCAL/TabularAnalysis/TabularAnalysis/00_Pipelines
    task_name: train_ensemble_full
    entrypoint: python tools/clearml_entrypoint.py task=pipeline
    updated_at: '2026-04-02T08:01:40Z'
