version: 2
templates:
  dataset_register:
    task_id: e4311430a19b4dbfbdadd954f7736da0
    project_name: LOCAL/TabularAnalysis/Templates/Steps/01_Datasets
    task_name: dataset_register
    entrypoint: python tools/clearml_entrypoint.py task=dataset_register
    kind: template
    updated_at: '2026-04-07T03:54:41Z'
  preprocess:
    task_id: 3fcc42176d374f71b3abd3de967a9152
    project_name: LOCAL/TabularAnalysis/Templates/Steps/02_Preprocess
    task_name: preprocess
    entrypoint: python tools/clearml_entrypoint.py task=preprocess
    kind: template
    updated_at: '2026-04-07T03:54:41Z'
  train_model:
    task_id: 86ee5112afd14a4fad791d2c5ea1bbb8
    project_name: LOCAL/TabularAnalysis/Templates/Steps/03_TrainModels
    task_name: train_model
    entrypoint: python tools/clearml_entrypoint.py task=train_model
    kind: template
    updated_at: '2026-04-07T03:54:41Z'
  infer:
    task_id: 52862ae4707747d3a97a0ec95ed679c8
    project_name: LOCAL/TabularAnalysis/Templates/Steps/05_Infer
    task_name: infer
    entrypoint: python tools/clearml_entrypoint.py task=infer
    kind: template
    updated_at: '2026-04-07T03:54:41Z'
  leaderboard:
    task_id: 350f30aa9c5c45e0aa5839adddf328bf
    project_name: LOCAL/TabularAnalysis/Templates/Steps/99_Leaderboard
    task_name: leaderboard
    entrypoint: python tools/clearml_entrypoint.py task=leaderboard
    kind: template
    updated_at: '2026-04-07T03:54:41Z'
  pipeline:
    task_id: 263f3883d1434aa78dc1be01fc803d84
    project_name: LOCAL/TabularAnalysis/.pipelines/pipeline
    task_name: pipeline
    entrypoint: python tools/clearml_entrypoint.py task=pipeline
    kind: seed
    updated_at: '2026-04-07T03:54:41Z'
  train_ensemble:
    task_id: 17d4306b40314b8e8d0d64031dbdca88
    project_name: LOCAL/TabularAnalysis/Templates/Steps/04_Ensembles
    task_name: train_ensemble
    entrypoint: python tools/clearml_entrypoint.py task=train_ensemble
    kind: template
    updated_at: '2026-04-07T03:54:41Z'
  train_model_full:
    task_id: 2c9e6f2172514ea4b73bd7540427da8d
    project_name: LOCAL/TabularAnalysis/.pipelines/train_model_full
    task_name: train_model_full
    entrypoint: python tools/clearml_entrypoint.py task=pipeline
    kind: seed
    updated_at: '2026-04-07T03:54:41Z'
  train_ensemble_full:
    task_id: ff3a4f536fcb4dbdbee2054e9abc6963
    project_name: LOCAL/TabularAnalysis/.pipelines/train_ensemble_full
    task_name: train_ensemble_full
    entrypoint: python tools/clearml_entrypoint.py task=pipeline
    kind: seed
    updated_at: '2026-04-07T03:54:41Z'
context:
  project_root: LOCAL
  usecase_id: TabularAnalysis
  schema_version: v1
  template_set_id: default
  solution_root: TabularAnalysis
  pipeline_seed_namespace: .pipelines
  pipeline_root_group: Pipelines
  pipeline_runs_group: Runs
  templates_root_group: Templates
  step_templates_group: Steps
  runs_root_group: Runs
  group_map:
    dataset_register: 01_Datasets
    preprocess: 02_Preprocess
    train_model: 03_TrainModels
    train_ensemble: 04_Ensembles
    infer: 05_Infer
    infer_child: 05_Infer_Children
    leaderboard: 99_Leaderboard
