version: 2
templates:
  dataset_register:
    task_id: f815cac421d342ebb01482919efc6515
    project_name: LOCAL/TabularAnalysis/Templates/Steps/01_Datasets
    task_name: dataset_register
    entrypoint: python tools/clearml_entrypoint.py task=dataset_register
    kind: template
    updated_at: '2026-04-06T23:22:57Z'
  preprocess:
    task_id: 4b03b06bdd98411788f0fccc7487f3fe
    project_name: LOCAL/TabularAnalysis/Templates/Steps/02_Preprocess
    task_name: preprocess
    entrypoint: python tools/clearml_entrypoint.py task=preprocess
    kind: template
    updated_at: '2026-04-06T23:22:57Z'
  train_model:
    task_id: 4db164e9fa534c578335e7e11f00ec03
    project_name: LOCAL/TabularAnalysis/Templates/Steps/03_TrainModels
    task_name: train_model
    entrypoint: python tools/clearml_entrypoint.py task=train_model
    kind: template
    updated_at: '2026-04-06T23:22:57Z'
  infer:
    task_id: 12baaa5678e0450eb4bc4cf6f3d75e32
    project_name: LOCAL/TabularAnalysis/Templates/Steps/05_Infer
    task_name: infer
    entrypoint: python tools/clearml_entrypoint.py task=infer
    kind: template
    updated_at: '2026-04-06T23:22:57Z'
  leaderboard:
    task_id: 54ec6d7d8bed4d748a3b6783f5004bba
    project_name: LOCAL/TabularAnalysis/Templates/Steps/99_Leaderboard
    task_name: leaderboard
    entrypoint: python tools/clearml_entrypoint.py task=leaderboard
    kind: template
    updated_at: '2026-04-06T23:22:57Z'
  pipeline:
    task_id: d9111a3a755c457b96df45c67c0958cd
    project_name: LOCAL/TabularAnalysis/.pipelines/pipeline
    task_name: pipeline
    entrypoint: python tools/clearml_entrypoint.py task=pipeline
    kind: seed
    updated_at: '2026-04-06T23:22:57Z'
  train_ensemble:
    task_id: 65737ca57dc045e48dcd02a8bfb9b9dd
    project_name: LOCAL/TabularAnalysis/Templates/Steps/04_Ensembles
    task_name: train_ensemble
    entrypoint: python tools/clearml_entrypoint.py task=train_ensemble
    kind: template
    updated_at: '2026-04-06T23:22:57Z'
  train_model_full:
    task_id: a37d1a536e344b6099cfa40b95d1c0a2
    project_name: LOCAL/TabularAnalysis/.pipelines/train_model_full
    task_name: train_model_full
    entrypoint: python tools/clearml_entrypoint.py task=pipeline
    kind: seed
    updated_at: '2026-04-06T23:22:57Z'
  train_ensemble_full:
    task_id: adacf98744d1491bbd6443d7c453ac21
    project_name: LOCAL/TabularAnalysis/.pipelines/train_ensemble_full
    task_name: train_ensemble_full
    entrypoint: python tools/clearml_entrypoint.py task=pipeline
    kind: seed
    updated_at: '2026-04-06T23:22:57Z'
context:
  project_root: LOCAL
  usecase_id: TabularAnalysis
  schema_version: v1
  template_set_id: default
  solution_root: TabularAnalysis
  pipeline_seed_namespace: .pipelines
  pipeline_root_group: Pipelines
  pipeline_runs_group: Runs
  templates_root_group: Templates
  step_templates_group: Steps
  runs_root_group: Runs
  group_map:
    dataset_register: 01_Datasets
    preprocess: 02_Preprocess
    train_model: 03_TrainModels
    train_ensemble: 04_Ensembles
    infer: 05_Infer
    infer_child: 05_Infer_Children
    leaderboard: 99_Leaderboard
